// !$*UTF8*$!
{
	archiveVersion = 1;
	classes = {
	};
	objectVersion = 46;
	objects = {

/* Begin PBXBuildFile section */
		38A9D3D41961BAAF00C4709B /* Foundation.framework in Frameworks */ = {isa = PBXBuildFile; fileRef = 38A9D3D31961BAAF00C4709B /* Foundation.framework */; };
		38A9D3D61961BAAF00C4709B /* CoreGraphics.framework in Frameworks */ = {isa = PBXBuildFile; fileRef = 38A9D3D51961BAAF00C4709B /* CoreGraphics.framework */; };
		38A9D3D81961BAAF00C4709B /* UIKit.framework in Frameworks */ = {isa = PBXBuildFile; fileRef = 38A9D3D71961BAAF00C4709B /* UIKit.framework */; };
		38A9D3DE1961BAAF00C4709B /* InfoPlist.strings in Resources */ = {isa = PBXBuildFile; fileRef = 38A9D3DC1961BAAF00C4709B /* InfoPlist.strings */; };
		38A9D3E01961BAAF00C4709B /* main.m in Sources */ = {isa = PBXBuildFile; fileRef = 38A9D3DF1961BAAF00C4709B /* main.m */; };
		38A9D3E41961BAAF00C4709B /* AppDelegate.m in Sources */ = {isa = PBXBuildFile; fileRef = 38A9D3E31961BAAF00C4709B /* AppDelegate.m */; };
		38A9D3E71961BAAF00C4709B /* Main.storyboard in Resources */ = {isa = PBXBuildFile; fileRef = 38A9D3E51961BAAF00C4709B /* Main.storyboard */; };
		38A9D3EA1961BAAF00C4709B /* ViewController.m in Sources */ = {isa = PBXBuildFile; fileRef = 38A9D3E91961BAAF00C4709B /* ViewController.m */; };
		38A9D3EC1961BAAF00C4709B /* Images.xcassets in Resources */ = {isa = PBXBuildFile; fileRef = 38A9D3EB1961BAAF00C4709B /* Images.xcassets */; };
		38A9D3F31961BAAF00C4709B /* XCTest.framework in Frameworks */ = {isa = PBXBuildFile; fileRef = 38A9D3F21961BAAF00C4709B /* XCTest.framework */; };
		38A9D3F41961BAAF00C4709B /* Foundation.framework in Frameworks */ = {isa = PBXBuildFile; fileRef = 38A9D3D31961BAAF00C4709B /* Foundation.framework */; };
		38A9D3F51961BAAF00C4709B /* UIKit.framework in Frameworks */ = {isa = PBXBuildFile; fileRef = 38A9D3D71961BAAF00C4709B /* UIKit.framework */; };
		38A9D3FD1961BAAF00C4709B /* InfoPlist.strings in Resources */ = {isa = PBXBuildFile; fileRef = 38A9D3FB1961BAAF00C4709B /* InfoPlist.strings */; };
		38A9D3FF1961BAAF00C4709B /* simplemuroTests.m in Sources */ = {isa = PBXBuildFile; fileRef = 38A9D3FE1961BAAF00C4709B /* simplemuroTests.m */; };
/* End PBXBuildFile section */

/* Begin PBXContainerItemProxy section */
		38A9D3F61961BAAF00C4709B /* PBXContainerItemProxy */ = {
			isa = PBXContainerItemProxy;
			containerPortal = 38A9D3C81961BAAF00C4709B /* Project object */;
			proxyType = 1;
			remoteGlobalIDString = 38A9D3CF1961BAAF00C4709B;
			remoteInfo = simplemuro;
		};
/* End PBXContainerItemProxy section */

/* Begin PBXFileReference section */
		38A9D3D01961BAAF00C4709B /* simplemuro.app */ = {isa = PBXFileReference; explicitFileType = wrapper.application; includeInIndex = 0; path = simplemuro.app; sourceTree = BUILT_PRODUCTS_DIR; };
		38A9D3D31961BAAF00C4709B /* Foundation.framework */ = {isa = PBXFileReference; lastKnownFileType = wrapper.framework; name = Foundation.framework; path = System/Library/Frameworks/Foundation.framework; sourceTree = SDKROOT; };
		38A9D3D51961BAAF00C4709B /* CoreGraphics.framework */ = {isa = PBXFileReference; lastKnownFileType = wrapper.framework; name = CoreGraphics.framework; path = System/Library/Frameworks/CoreGraphics.framework; sourceTree = SDKROOT; };
		38A9D3D71961BAAF00C4709B /* UIKit.framework */ = {isa = PBXFileReference; lastKnownFileType = wrapper.framework; name = UIKit.framework; path = System/Library/Frameworks/UIKit.framework; sourceTree = SDKROOT; };
		38A9D3DB1961BAAF00C4709B /* simplemuro-Info.plist */ = {isa = PBXFileReference; lastKnownFileType = text.plist.xml; path = "simplemuro-Info.plist"; sourceTree = "<group>"; };
		38A9D3DD1961BAAF00C4709B /* en */ = {isa = PBXFileReference; lastKnownFileType = text.plist.strings; name = en; path = en.lproj/InfoPlist.strings; sourceTree = "<group>"; };
		38A9D3DF1961BAAF00C4709B /* main.m */ = {isa = PBXFileReference; lastKnownFileType = sourcecode.c.objc; path = main.m; sourceTree = "<group>"; };
		38A9D3E11961BAAF00C4709B /* simplemuro-Prefix.pch */ = {isa = PBXFileReference; lastKnownFileType = sourcecode.c.h; path = "simplemuro-Prefix.pch"; sourceTree = "<group>"; };
		38A9D3E21961BAAF00C4709B /* AppDelegate.h */ = {isa = PBXFileReference; lastKnownFileType = sourcecode.c.h; path = AppDelegate.h; sourceTree = "<group>"; };
		38A9D3E31961BAAF00C4709B /* AppDelegate.m */ = {isa = PBXFileReference; lastKnownFileType = sourcecode.c.objc; path = AppDelegate.m; sourceTree = "<group>"; };
		38A9D3E61961BAAF00C4709B /* Base */ = {isa = PBXFileReference; lastKnownFileType = file.storyboard; name = Base; path = Base.lproj/Main.storyboard; sourceTree = "<group>"; };
		38A9D3E81961BAAF00C4709B /* ViewController.h */ = {isa = PBXFileReference; lastKnownFileType = sourcecode.c.h; path = ViewController.h; sourceTree = "<group>"; };
		38A9D3E91961BAAF00C4709B /* ViewController.m */ = {isa = PBXFileReference; lastKnownFileType = sourcecode.c.objc; path = ViewController.m; sourceTree = "<group>"; };
		38A9D3EB1961BAAF00C4709B /* Images.xcassets */ = {isa = PBXFileReference; lastKnownFileType = folder.assetcatalog; path = Images.xcassets; sourceTree = "<group>"; };
		38A9D3F11961BAAF00C4709B /* simplemuroTests.xctest */ = {isa = PBXFileReference; explicitFileType = wrapper.cfbundle; includeInIndex = 0; path = simplemuroTests.xctest; sourceTree = BUILT_PRODUCTS_DIR; };
		38A9D3F21961BAAF00C4709B /* XCTest.framework */ = {isa = PBXFileReference; lastKnownFileType = wrapper.framework; name = XCTest.framework; path = Library/Frameworks/XCTest.framework; sourceTree = DEVELOPER_DIR; };
		38A9D3FA1961BAAF00C4709B /* simplemuroTests-Info.plist */ = {isa = PBXFileReference; lastKnownFileType = text.plist.xml; path = "simplemuroTests-Info.plist"; sourceTree = "<group>"; };
		38A9D3FC1961BAAF00C4709B /* en */ = {isa = PBXFileReference; lastKnownFileType = text.plist.strings; name = en; path = en.lproj/InfoPlist.strings; sourceTree = "<group>"; };
		38A9D3FE1961BAAF00C4709B /* simplemuroTests.m */ = {isa = PBXFileReference; lastKnownFileType = sourcecode.c.objc; path = simplemuroTests.m; sourceTree = "<group>"; };
/* End PBXFileReference section */

/* Begin PBXFrameworksBuildPhase section */
		38A9D3CD1961BAAF00C4709B /* Frameworks */ = {
			isa = PBXFrameworksBuildPhase;
			buildActionMask = 2147483647;
			files = (
				38A9D3D61961BAAF00C4709B /* CoreGraphics.framework in Frameworks */,
				38A9D3D81961BAAF00C4709B /* UIKit.framework in Frameworks */,
				38A9D3D41961BAAF00C4709B /* Foundation.framework in Frameworks */,
			);
			runOnlyForDeploymentPostprocessing = 0;
		};
		38A9D3EE1961BAAF00C4709B /* Frameworks */ = {
			isa = PBXFrameworksBuildPhase;
			buildActionMask = 2147483647;
			files = (
				38A9D3F31961BAAF00C4709B /* XCTest.framework in Frameworks */,
				38A9D3F51961BAAF00C4709B /* UIKit.framework in Frameworks */,
				38A9D3F41961BAAF00C4709B /* Foundation.framework in Frameworks */,
			);
			runOnlyForDeploymentPostprocessing = 0;
		};
/* End PBXFrameworksBuildPhase section */

/* Begin PBXGroup section */
		38A9D3C71961BAAF00C4709B = {
			isa = PBXGroup;
			children = (
				38A9D3D91961BAAF00C4709B /* simplemuro */,
				38A9D3F81961BAAF00C4709B /* simplemuroTests */,
				38A9D3D21961BAAF00C4709B /* Frameworks */,
				38A9D3D11961BAAF00C4709B /* Products */,
			);
			sourceTree = "<group>";
		};
		38A9D3D11961BAAF00C4709B /* Products */ = {
			isa = PBXGroup;
			children = (
				38A9D3D01961BAAF00C4709B /* simplemuro.app */,
				38A9D3F11961BAAF00C4709B /* simplemuroTests.xctest */,
			);
			name = Products;
			sourceTree = "<group>";
		};
		38A9D3D21961BAAF00C4709B /* Frameworks */ = {
			isa = PBXGroup;
			children = (
				38A9D3D31961BAAF00C4709B /* Foundation.framework */,
				38A9D3D51961BAAF00C4709B /* CoreGraphics.framework */,
				38A9D3D71961BAAF00C4709B /* UIKit.framework */,
				38A9D3F21961BAAF00C4709B /* XCTest.framework */,
			);
			name = Frameworks;
			sourceTree = "<group>";
		};
		38A9D3D91961BAAF00C4709B /* simplemuro */ = {
			isa = PBXGroup;
			children = (
				38A9D3E21961BAAF00C4709B /* AppDelegate.h */,
				38A9D3E31961BAAF00C4709B /* AppDelegate.m */,
				38A9D3E51961BAAF00C4709B /* Main.storyboard */,
				38A9D3E81961BAAF00C4709B /* ViewController.h */,
				38A9D3E91961BAAF00C4709B /* ViewController.m */,
				38A9D3EB1961BAAF00C4709B /* Images.xcassets */,
				38A9D3DA1961BAAF00C4709B /* Supporting Files */,
			);
			path = simplemuro;
			sourceTree = "<group>";
		};
		38A9D3DA1961BAAF00C4709B /* Supporting Files */ = {
			isa = PBXGroup;
			children = (
				38A9D3DB1961BAAF00C4709B /* simplemuro-Info.plist */,
				38A9D3DC1961BAAF00C4709B /* InfoPlist.strings */,
				38A9D3DF1961BAAF00C4709B /* main.m */,
				38A9D3E11961BAAF00C4709B /* simplemuro-Prefix.pch */,
			);
			name = "Supporting Files";
			sourceTree = "<group>";
		};
		38A9D3F81961BAAF00C4709B /* simplemuroTests */ = {
			isa = PBXGroup;
			children = (
				38A9D3FE1961BAAF00C4709B /* simplemuroTests.m */,
				38A9D3F91961BAAF00C4709B /* Supporting Files */,
			);
			path = simplemuroTests;
			sourceTree = "<group>";
		};
		38A9D3F91961BAAF00C4709B /* Supporting Files */ = {
			isa = PBXGroup;
			children = (
				38A9D3FA1961BAAF00C4709B /* simplemuroTests-Info.plist */,
				38A9D3FB1961BAAF00C4709B /* InfoPlist.strings */,
			);
			name = "Supporting Files";
			sourceTree = "<group>";
		};
/* End PBXGroup section */

/* Begin PBXNativeTarget section */
		38A9D3CF1961BAAF00C4709B /* simplemuro */ = {
			isa = PBXNativeTarget;
			buildConfigurationList = 38A9D4021961BAAF00C4709B /* Build configuration list for PBXNativeTarget "simplemuro" */;
			buildPhases = (
				38A9D3CC1961BAAF00C4709B /* Sources */,
				38A9D3CD1961BAAF00C4709B /* Frameworks */,
				38A9D3CE1961BAAF00C4709B /* Resources */,
			);
			buildRules = (
			);
			dependencies = (
			);
			name = simplemuro;
			productName = simplemuro;
			productReference = 38A9D3D01961BAAF00C4709B /* simplemuro.app */;
			productType = "com.apple.product-type.application";
		};
		38A9D3F01961BAAF00C4709B /* simplemuroTests */ = {
			isa = PBXNativeTarget;
			buildConfigurationList = 38A9D4051961BAAF00C4709B /* Build configuration list for PBXNativeTarget "simplemuroTests" */;
			buildPhases = (
				38A9D3ED1961BAAF00C4709B /* Sources */,
				38A9D3EE1961BAAF00C4709B /* Frameworks */,
				38A9D3EF1961BAAF00C4709B /* Resources */,
			);
			buildRules = (
			);
			dependencies = (
				38A9D3F71961BAAF00C4709B /* PBXTargetDependency */,
			);
			name = simplemuroTests;
			productName = simplemuroTests;
			productReference = 38A9D3F11961BAAF00C4709B /* simplemuroTests.xctest */;
			productType = "com.apple.product-type.bundle.unit-test";
		};
/* End PBXNativeTarget section */

/* Begin PBXProject section */
		38A9D3C81961BAAF00C4709B /* Project object */ = {
			isa = PBXProject;
			attributes = {
				LastUpgradeCheck = 0510;
				ORGANIZATIONNAME = "josue mora";
				TargetAttributes = {
					38A9D3F01961BAAF00C4709B = {
						TestTargetID = 38A9D3CF1961BAAF00C4709B;
					};
				};
			};
			buildConfigurationList = 38A9D3CB1961BAAF00C4709B /* Build configuration list for PBXProject "simplemuro" */;
			compatibilityVersion = "Xcode 3.2";
			developmentRegion = English;
			hasScannedForEncodings = 0;
			knownRegions = (
				en,
				Base,
			);
			mainGroup = 38A9D3C71961BAAF00C4709B;
			productRefGroup = 38A9D3D11961BAAF00C4709B /* Products */;
			projectDirPath = "";
			projectRoot = "";
			targets = (
				38A9D3CF1961BAAF00C4709B /* simplemuro */,
				38A9D3F01961BAAF00C4709B /* simplemuroTests */,
			);
		};
/* End PBXProject section */

/* Begin PBXResourcesBuildPhase section */
		38A9D3CE1961BAAF00C4709B /* Resources */ = {
			isa = PBXResourcesBuildPhase;
			buildActionMask = 2147483647;
			files = (
				38A9D3EC1961BAAF00C4709B /* Images.xcassets in Resources */,
				38A9D3DE1961BAAF00C4709B /* InfoPlist.strings in Resources */,
				38A9D3E71961BAAF00C4709B /* Main.storyboard in Resources */,
			);
			runOnlyForDeploymentPostprocessing = 0;
		};
		38A9D3EF1961BAAF00C4709B /* Resources */ = {
			isa = PBXResourcesBuildPhase;
			buildActionMask = 2147483647;
			files = (
				38A9D3FD1961BAAF00C4709B /* InfoPlist.strings in Resources */,
			);
			runOnlyForDeploymentPostprocessing = 0;
		};
/* End PBXResourcesBuildPhase section */

/* Begin PBXSourcesBuildPhase section */
		38A9D3CC1961BAAF00C4709B /* Sources */ = {
			isa = PBXSourcesBuildPhase;
			buildActionMask = 2147483647;
			files = (
				38A9D3EA1961BAAF00C4709B /* ViewController.m in Sources */,
				38A9D3E41961BAAF00C4709B /* AppDelegate.m in Sources */,
				38A9D3E01961BAAF00C4709B /* main.m in Sources */,
			);
			runOnlyForDeploymentPostprocessing = 0;
		};
		38A9D3ED1961BAAF00C4709B /* Sources */ = {
			isa = PBXSourcesBuildPhase;
			buildActionMask = 2147483647;
			files = (
				38A9D3FF1961BAAF00C4709B /* simplemuroTests.m in Sources */,
			);
			runOnlyForDeploymentPostprocessing = 0;
		};
/* End PBXSourcesBuildPhase section */

/* Begin PBXTargetDependency section */
		38A9D3F71961BAAF00C4709B /* PBXTargetDependency */ = {
			isa = PBXTargetDependency;
			target = 38A9D3CF1961BAAF00C4709B /* simplemuro */;
			targetProxy = 38A9D3F61961BAAF00C4709B /* PBXContainerItemProxy */;
		};
/* End PBXTargetDependency section */

/* Begin PBXVariantGroup section */
		38A9D3DC1961BAAF00C4709B /* InfoPlist.strings */ = {
			isa = PBXVariantGroup;
			children = (
				38A9D3DD1961BAAF00C4709B /* en */,
			);
			name = InfoPlist.strings;
			sourceTree = "<group>";
		};
		38A9D3E51961BAAF00C4709B /* Main.storyboard */ = {
			isa = PBXVariantGroup;
			children = (
				38A9D3E61961BAAF00C4709B /* Base */,
			);
			name = Main.storyboard;
			sourceTree = "<group>";
		};
		38A9D3FB1961BAAF00C4709B /* InfoPlist.strings */ = {
			isa = PBXVariantGroup;
			children = (
				38A9D3FC1961BAAF00C4709B /* en */,
			);
			name = InfoPlist.strings;
			sourceTree = "<group>";
		};
/* End PBXVariantGroup section */

/* Begin XCBuildConfiguration section */
		38A9D4001961BAAF00C4709B /* Debug */ = {
			isa = XCBuildConfiguration;
			buildSettings = {
				ALWAYS_SEARCH_USER_PATHS = NO;
				CLANG_CXX_LANGUAGE_STANDARD = "gnu++0x";
				CLANG_CXX_LIBRARY = "libc++";
				CLANG_ENABLE_MODULES = YES;
				CLANG_ENABLE_OBJC_ARC = YES;
				CLANG_WARN_BOOL_CONVERSION = YES;
				CLANG_WARN_CONSTANT_CONVERSION = YES;
				CLANG_WARN_DIRECT_OBJC_ISA_USAGE = YES_ERROR;
				CLANG_WARN_EMPTY_BODY = YES;
				CLANG_WARN_ENUM_CONVERSION = YES;
				CLANG_WARN_INT_CONVERSION = YES;
				CLANG_WARN_OBJC_ROOT_CLASS = YES_ERROR;
				CLANG_WARN__DUPLICATE_METHOD_MATCH = YES;
				"CODE_SIGN_IDENTITY[sdk=iphoneos*]" = "iPhone Developer";
				COPY_PHASE_STRIP = NO;
				GCC_C_LANGUAGE_STANDARD = gnu99;
				GCC_DYNAMIC_NO_PIC = NO;
				GCC_OPTIMIZATION_LEVEL = 0;
				GCC_PREPROCESSOR_DEFINITIONS = (
					"DEBUG=1",
					"$(inherited)",
				);
				GCC_SYMBOLS_PRIVATE_EXTERN = NO;
				GCC_WARN_64_TO_32_BIT_CONVERSION = YES;
				GCC_WARN_ABOUT_RETURN_TYPE = YES_ERROR;
				GCC_WARN_UNDECLARED_SELECTOR = YES;
				GCC_WARN_UNINITIALIZED_AUTOS = YES_AGGRESSIVE;
				GCC_WARN_UNUSED_FUNCTION = YES;
				GCC_WARN_UNUSED_VARIABLE = YES;
				IPHONEOS_DEPLOYMENT_TARGET = 7.1;
				ONLY_ACTIVE_ARCH = YES;
				SDKROOT = iphoneos;
			};
			name = Debug;
		};
		38A9D4011961BAAF00C4709B /* Release */ = {
			isa = XCBuildConfiguration;
			buildSettings = {
				ALWAYS_SEARCH_USER_PATHS = NO;
				CLANG_CXX_LANGUAGE_STANDARD = "gnu++0x";
				CLANG_CXX_LIBRARY = "libc++";
				CLANG_ENABLE_MODULES = YES;
				CLANG_ENABLE_OBJC_ARC = YES;
				CLANG_WARN_BOOL_CONVERSION = YES;
				CLANG_WARN_CONSTANT_CONVERSION = YES;
				CLANG_WARN_DIRECT_OBJC_ISA_USAGE = YES_ERROR;
				CLANG_WARN_EMPTY_BODY = YES;
				CLANG_WARN_ENUM_CONVERSION = YES;
				CLANG_WARN_INT_CONVERSION = YES;
				CLANG_WARN_OBJC_ROOT_CLASS = YES_ERROR;
				CLANG_WARN__DUPLICATE_METHOD_MATCH = YES;
				"CODE_SIGN_IDENTITY[sdk=iphoneos*]" = "iPhone Developer";
				COPY_PHASE_STRIP = YES;
				ENABLE_NS_ASSERTIONS = NO;
				GCC_C_LANGUAGE_STANDARD = gnu99;
				GCC_WARN_64_TO_32_BIT_CONVERSION = YES;
				GCC_WARN_ABOUT_RETURN_TYPE = YES_ERROR;
				GCC_WARN_UNDECLARED_SELECTOR = YES;
				GCC_WARN_UNINITIALIZED_AUTOS = YES_AGGRESSIVE;
				GCC_WARN_UNUSED_FUNCTION = YES;
				GCC_WARN_UNUSED_VARIABLE = YES;
				IPHONEOS_DEPLOYMENT_TARGET = 7.1;
				SDKROOT = iphoneos;
				VALIDATE_PRODUCT = YES;
			};
			name = Release;
		};
		38A9D4031961BAAF00C4709B /* Debug */ = {
			isa = XCBuildConfiguration;
			buildSettings = {
				ASSETCATALOG_COMPILER_APPICON_NAME = AppIcon;
				ASSETCATALOG_COMPILER_LAUNCHIMAGE_NAME = LaunchImage;
				GCC_PRECOMPILE_PREFIX_HEADER = YES;
				GCC_PREFIX_HEADER = "simplemuro/simplemuro-Prefix.pch";
				INFOPLIST_FILE = "simplemuro/simplemuro-Info.plist";
				PRODUCT_NAME = "$(TARGET_NAME)";
				WRAPPER_EXTENSION = app;
			};
			name = Debug;
		};
		38A9D4041961BAAF00C4709B /* Release */ = {
			isa = XCBuildConfiguration;
			buildSettings = {
				ASSETCATALOG_COMPILER_APPICON_NAME = AppIcon;
				ASSETCATALOG_COMPILER_LAUNCHIMAGE_NAME = LaunchImage;
				GCC_PRECOMPILE_PREFIX_HEADER = YES;
				GCC_PREFIX_HEADER = "simplemuro/simplemuro-Prefix.pch";
				INFOPLIST_FILE = "simplemuro/simplemuro-Info.plist";
				PRODUCT_NAME = "$(TARGET_NAME)";
				WRAPPER_EXTENSION = app;
			};
			name = Release;
		};
		38A9D4061961BAAF00C4709B /* Debug */ = {
			isa = XCBuildConfiguration;
			buildSettings = {
				BUNDLE_LOADER = "$(BUILT_PRODUCTS_DIR)/simplemuro.app/simplemuro";
				FRAMEWORK_SEARCH_PATHS = (
					"$(SDKROOT)/Developer/Library/Frameworks",
					"$(inherited)",
					"$(DEVELOPER_FRAMEWORKS_DIR)",
				);
				GCC_PRECOMPILE_PREFIX_HEADER = YES;
				GCC_PREFIX_HEADER = "simplemuro/simplemuro-Prefix.pch";
				GCC_PREPROCESSOR_DEFINITIONS = (
					"DEBUG=1",
					"$(inherited)",
				);
				INFOPLIST_FILE = "simplemuroTests/simplemuroTests-Info.plist";
				PRODUCT_NAME = "$(TARGET_NAME)";
				TEST_HOST = "$(BUNDLE_LOADER)";
				WRAPPER_EXTENSION = xctest;
			};
			name = Debug;
		};
		38A9D4071961BAAF00C4709B /* Release */ = {
			isa = XCBuildConfiguration;
			buildSettings = {
				BUNDLE_LOADER = "$(BUILT_PRODUCTS_DIR)/simplemuro.app/simplemuro";
				FRAMEWORK_SEARCH_PATHS = (
					"$(SDKROOT)/Developer/Library/Frameworks",
					"$(inherited)",
					"$(DEVELOPER_FRAMEWORKS_DIR)",
				);
				GCC_PRECOMPILE_PREFIX_HEADER = YES;
				GCC_PREFIX_HEADER = "simplemuro/simplemuro-Prefix.pch";
				INFOPLIST_FILE = "simplemuroTests/simplemuroTests-Info.plist";
				PRODUCT_NAME = "$(TARGET_NAME)";
				TEST_HOST = "$(BUNDLE_LOADER)";
				WRAPPER_EXTENSION = xctest;
			};
			name = Release;
		};
/* End XCBuildConfiguration section */

/* Begin XCConfigurationList section */
		38A9D3CB1961BAAF00C4709B /* Build configuration list for PBXProject "simplemuro" */ = {
			isa = XCConfigurationList;
			buildConfigurations = (
				38A9D4001961BAAF00C4709B /* Debug */,
				38A9D4011961BAAF00C4709B /* Release */,
			);
			defaultConfigurationIsVisible = 0;
			defaultConfigurationName = Release;
		};
		38A9D4021961BAAF00C4709B /* Build configuration list for PBXNativeTarget "simplemuro" */ = {
			isa = XCConfigurationList;
			buildConfigurations = (
				38A9D4031961BAAF00C4709B /* Debug */,
				38A9D4041961BAAF00C4709B /* Release */,
			);
			defaultConfigurationIsVisible = 0;
		};
		38A9D4051961BAAF00C4709B /* Build configuration list for PBXNativeTarget "simplemuroTests" */ = {
			isa = XCConfigurationList;
			buildConfigurations = (
				38A9D4061961BAAF00C4709B /* Debug */,
				38A9D4071961BAAF00C4709B /* Release */,
			);
			defaultConfigurationIsVisible = 0;
		};
/* End XCConfigurationList section */
	};
	rootObject = 38A9D3C81961BAAF00C4709B /* Project object */;
}
